
Microsoft Visual Studio Solution File, Format Version 12.00
# Visual Studio Version 17
VisualStudioVersion = 17.1.32421.90
MinimumVisualStudioVersion = 10.0.40219.1
Project("{FAE04EC0-301F-11D3-BF4B-00C04F79EFBC}") = "Summator", "Summator\Summator.csproj", "{867847D0-C937-4767-AF86-8F18231F688A}"
EndProject
Project("{FAE04EC0-301F-11D3-BF4B-00C04F79EFBC}") = "Summator.Tests", "Summator.Tests\Summator.Tests.csproj", "{93B160DC-5D19-4F53-8BA9-36C2E0DD412C}"
EndProject
Global
	GlobalSection(SolutionConfigurationPlatforms) = preSolution
		Debug|Any CPU = Debug|Any CPU
		Release|Any CPU = Release|Any CPU
	EndGlobalSection
	GlobalSection(ProjectConfigurationPlatforms) = postSolution
		{867847D0-C937-4767-AF86-8F18231F688A}.Debug|Any CPU.ActiveCfg = Debug|Any CPU
		{867847D0-C937-4767-AF86-8F18231F688A}.Debug|Any CPU.Build.0 = Debug|Any CPU
		{867847D0-C937-4767-AF86-8F18231F688A}.Release|Any CPU.ActiveCfg = Release|Any CPU
		{867847D0-C937-4767-AF86-8F18231F688A}.Release|Any CPU.Build.0 = Release|Any CPU
		{93B160DC-5D19-4F53-8BA9-36C2E0DD412C}.Debug|Any CPU.ActiveCfg = Debug|Any CPU
		{93B160DC-5D19-4F53-8BA9-36C2E0DD412C}.Debug|Any CPU.Build.0 = Debug|Any CPU
		{93B160DC-5D19-4F53-8BA9-36C2E0DD412C}.Release|Any CPU.ActiveCfg = Release|Any CPU
		{93B160DC-5D19-4F53-8BA9-36C2E0DD412C}.Release|Any CPU.Build.0 = Release|Any CPU
	EndGlobalSection
	GlobalSection(SolutionProperties) = preSolution
		HideSolutionNode = FALSE
	EndGlobalSection
	GlobalSection(ExtensibilityGlobals) = postSolution
		SolutionGuid = {D01C9C7B-A8BA-4138-9BF1-E57C099BC851}
	EndGlobalSection
EndGlobal
